
Microsoft Visual Studio Solution File, Format Version 12.00
# Visual Studio 14
VisualStudioVersion = 14.0.25420.1
MinimumVisualStudioVersion = 10.0.40219.1
Project("{8BC9CEB8-8B4A-11D0-8D11-00A0C91BC942}") = "vision-test", "vision-test\vision-test.vcxproj", "{DA82C2FA-7E1C-454D-85F8-26ACEAB3711A}"
	ProjectSection(ProjectDependencies) = postProject
		{6E4B2445-723E-49BF-9F30-9CA8670F480D} = {6E4B2445-723E-49BF-9F30-9CA8670F480D}
	EndProjectSection
EndProject
Project("{8BC9CEB8-8B4A-11D0-8D11-00A0C91BC942}") = "referee-test", "referee-test\referee-test.vcxproj", "{02B827C1-71E9-45DF-987F-6767D93F7490}"
	ProjectSection(ProjectDependencies) = postProject
		{6E4B2445-723E-49BF-9F30-9CA8670F480D} = {6E4B2445-723E-49BF-9F30-9CA8670F480D}
	EndProjectSection
EndProject
Project("{8BC9CEB8-8B4A-11D0-8D11-00A0C91BC942}") = "config-test", "config-test\config-test.vcxproj", "{8433D750-6073-41B9-9D09-6E4E8C387FC5}"
	ProjectSection(ProjectDependencies) = postProject
		{6E4B2445-723E-49BF-9F30-9CA8670F480D} = {6E4B2445-723E-49BF-9F30-9CA8670F480D}
	EndProjectSection
EndProject
Project("{8BC9CEB8-8B4A-11D0-8D11-00A0C91BC942}") = "robot-test", "robot-test\robot-test.vcxproj", "{BD970ECF-DDA5-4B33-9A6F-A75A7D6A5AEF}"
	ProjectSection(ProjectDependencies) = postProject
		{6E4B2445-723E-49BF-9F30-9CA8670F480D} = {6E4B2445-723E-49BF-9F30-9CA8670F480D}
	EndProjectSection
EndProject
Project("{2150E333-8FDC-42A3-9474-1A3956D46DE8}") = "Solution Items", "Solution Items", "{B04256B8-120C-4E3D-A354-FAEC8DD995ED}"
	ProjectSection(SolutionItems) = preProject
		Doxyfile = Doxyfile
		odens-h-base.props = odens-h-base.props
		Release\odens.conf = Release\odens.conf
		README.md = README.md
	EndProjectSection
EndProject
Project("{8BC9CEB8-8B4A-11D0-8D11-00A0C91BC942}") = "odens-h-test", "odens-h-test\odens-h-test.vcxproj", "{82BCEF83-25E4-4192-810C-2E199B2BC4DE}"
	ProjectSection(ProjectDependencies) = postProject
		{6E4B2445-723E-49BF-9F30-9CA8670F480D} = {6E4B2445-723E-49BF-9F30-9CA8670F480D}
	EndProjectSection
EndProject
Project("{8BC9CEB8-8B4A-11D0-8D11-00A0C91BC942}") = "game-test", "game-test\game-test.vcxproj", "{E7A4C011-89EF-47C0-A800-79B752EE785D}"
	ProjectSection(ProjectDependencies) = postProject
		{6E4B2445-723E-49BF-9F30-9CA8670F480D} = {6E4B2445-723E-49BF-9F30-9CA8670F480D}
	EndProjectSection
EndProject
Project("{8BC9CEB8-8B4A-11D0-8D11-00A0C91BC942}") = "sr-test", "sr-test\sr-test.vcxproj", "{7D1D3667-A0AB-475D-A18F-37982EB96C9F}"
	ProjectSection(ProjectDependencies) = postProject
		{6E4B2445-723E-49BF-9F30-9CA8670F480D} = {6E4B2445-723E-49BF-9F30-9CA8670F480D}
	EndProjectSection
EndProject
Project("{8BC9CEB8-8B4A-11D0-8D11-00A0C91BC942}") = "logger-test", "logger-test\logger-test.vcxproj", "{808E6834-AE01-42F5-B5E6-433182CB78E5}"
	ProjectSection(ProjectDependencies) = postProject
		{6E4B2445-723E-49BF-9F30-9CA8670F480D} = {6E4B2445-723E-49BF-9F30-9CA8670F480D}
	EndProjectSection
EndProject
Project("{8BC9CEB8-8B4A-11D0-8D11-00A0C91BC942}") = "protoc", "protoc\protoc.vcxproj", "{96775AF8-649B-45B4-983A-4B7E1B407DD8}"
EndProject
Project("{8BC9CEB8-8B4A-11D0-8D11-00A0C91BC942}") = "odens-h-base", "odens-h-base\odens-h-base.vcxproj", "{6E4B2445-723E-49BF-9F30-9CA8670F480D}"
	ProjectSection(ProjectDependencies) = postProject
		{96775AF8-649B-45B4-983A-4B7E1B407DD8} = {96775AF8-649B-45B4-983A-4B7E1B407DD8}
	EndProjectSection
EndProject
Project("{8BC9CEB8-8B4A-11D0-8D11-00A0C91BC942}") = "draw-test", "draw-test\draw-test.vcxproj", "{7B9415F7-CCD1-4369-AB6C-E63686600487}"
	ProjectSection(ProjectDependencies) = postProject
		{6E4B2445-723E-49BF-9F30-9CA8670F480D} = {6E4B2445-723E-49BF-9F30-9CA8670F480D}
	EndProjectSection
EndProject
Global
	GlobalSection(SolutionConfigurationPlatforms) = preSolution
		Debug|x64 = Debug|x64
		Debug|x86 = Debug|x86
		Release|x64 = Release|x64
		Release|x86 = Release|x86
	EndGlobalSection
	GlobalSection(ProjectConfigurationPlatforms) = postSolution
		{DA82C2FA-7E1C-454D-85F8-26ACEAB3711A}.Debug|x64.ActiveCfg = Debug|x64
		{DA82C2FA-7E1C-454D-85F8-26ACEAB3711A}.Debug|x64.Build.0 = Debug|x64
		{DA82C2FA-7E1C-454D-85F8-26ACEAB3711A}.Debug|x86.ActiveCfg = Debug|x64
		{DA82C2FA-7E1C-454D-85F8-26ACEAB3711A}.Release|x64.ActiveCfg = Release|x64
		{DA82C2FA-7E1C-454D-85F8-26ACEAB3711A}.Release|x64.Build.0 = Release|x64
		{DA82C2FA-7E1C-454D-85F8-26ACEAB3711A}.Release|x86.ActiveCfg = Release|x64
		{02B827C1-71E9-45DF-987F-6767D93F7490}.Debug|x64.ActiveCfg = Debug|x64
		{02B827C1-71E9-45DF-987F-6767D93F7490}.Debug|x64.Build.0 = Debug|x64
		{02B827C1-71E9-45DF-987F-6767D93F7490}.Debug|x86.ActiveCfg = Debug|x64
		{02B827C1-71E9-45DF-987F-6767D93F7490}.Release|x64.ActiveCfg = Release|x64
		{02B827C1-71E9-45DF-987F-6767D93F7490}.Release|x64.Build.0 = Release|x64
		{02B827C1-71E9-45DF-987F-6767D93F7490}.Release|x86.ActiveCfg = Release|x64
		{8433D750-6073-41B9-9D09-6E4E8C387FC5}.Debug|x64.ActiveCfg = Debug|x64
		{8433D750-6073-41B9-9D09-6E4E8C387FC5}.Debug|x64.Build.0 = Debug|x64
		{8433D750-6073-41B9-9D09-6E4E8C387FC5}.Debug|x86.ActiveCfg = Debug|x64
		{8433D750-6073-41B9-9D09-6E4E8C387FC5}.Release|x64.ActiveCfg = Release|x64
		{8433D750-6073-41B9-9D09-6E4E8C387FC5}.Release|x64.Build.0 = Release|x64
		{8433D750-6073-41B9-9D09-6E4E8C387FC5}.Release|x86.ActiveCfg = Release|x64
		{BD970ECF-DDA5-4B33-9A6F-A75A7D6A5AEF}.Debug|x64.ActiveCfg = Debug|x64
		{BD970ECF-DDA5-4B33-9A6F-A75A7D6A5AEF}.Debug|x64.Build.0 = Debug|x64
		{BD970ECF-DDA5-4B33-9A6F-A75A7D6A5AEF}.Debug|x86.ActiveCfg = Debug|x64
		{BD970ECF-DDA5-4B33-9A6F-A75A7D6A5AEF}.Release|x64.ActiveCfg = Release|x64
		{BD970ECF-DDA5-4B33-9A6F-A75A7D6A5AEF}.Release|x64.Build.0 = Release|x64
		{BD970ECF-DDA5-4B33-9A6F-A75A7D6A5AEF}.Release|x86.ActiveCfg = Release|x64
		{82BCEF83-25E4-4192-810C-2E199B2BC4DE}.Debug|x64.ActiveCfg = Debug|x64
		{82BCEF83-25E4-4192-810C-2E199B2BC4DE}.Debug|x64.Build.0 = Debug|x64
		{82BCEF83-25E4-4192-810C-2E199B2BC4DE}.Debug|x86.ActiveCfg = Debug|x64
		{82BCEF83-25E4-4192-810C-2E199B2BC4DE}.Release|x64.ActiveCfg = Release|x64
		{82BCEF83-25E4-4192-810C-2E199B2BC4DE}.Release|x64.Build.0 = Release|x64
		{82BCEF83-25E4-4192-810C-2E199B2BC4DE}.Release|x86.ActiveCfg = Release|x64
		{E7A4C011-89EF-47C0-A800-79B752EE785D}.Debug|x64.ActiveCfg = Debug|x64
		{E7A4C011-89EF-47C0-A800-79B752EE785D}.Debug|x64.Build.0 = Debug|x64
		{E7A4C011-89EF-47C0-A800-79B752EE785D}.Debug|x86.ActiveCfg = Debug|x64
		{E7A4C011-89EF-47C0-A800-79B752EE785D}.Release|x64.ActiveCfg = Release|x64
		{E7A4C011-89EF-47C0-A800-79B752EE785D}.Release|x64.Build.0 = Release|x64
		{E7A4C011-89EF-47C0-A800-79B752EE785D}.Release|x86.ActiveCfg = Release|x64
		{7D1D3667-A0AB-475D-A18F-37982EB96C9F}.Debug|x64.ActiveCfg = Debug|x64
		{7D1D3667-A0AB-475D-A18F-37982EB96C9F}.Debug|x64.Build.0 = Debug|x64
		{7D1D3667-A0AB-475D-A18F-37982EB96C9F}.Debug|x86.ActiveCfg = Debug|x64
		{7D1D3667-A0AB-475D-A18F-37982EB96C9F}.Release|x64.ActiveCfg = Release|x64
		{7D1D3667-A0AB-475D-A18F-37982EB96C9F}.Release|x64.Build.0 = Release|x64
		{7D1D3667-A0AB-475D-A18F-37982EB96C9F}.Release|x86.ActiveCfg = Release|x64
		{808E6834-AE01-42F5-B5E6-433182CB78E5}.Debug|x64.ActiveCfg = Debug|x64
		{808E6834-AE01-42F5-B5E6-433182CB78E5}.Debug|x64.Build.0 = Debug|x64
		{808E6834-AE01-42F5-B5E6-433182CB78E5}.Debug|x86.ActiveCfg = Debug|x64
		{808E6834-AE01-42F5-B5E6-433182CB78E5}.Release|x64.ActiveCfg = Release|x64
		{808E6834-AE01-42F5-B5E6-433182CB78E5}.Release|x64.Build.0 = Release|x64
		{808E6834-AE01-42F5-B5E6-433182CB78E5}.Release|x86.ActiveCfg = Release|x64
		{96775AF8-649B-45B4-983A-4B7E1B407DD8}.Debug|x64.ActiveCfg = Debug|x64
		{96775AF8-649B-45B4-983A-4B7E1B407DD8}.Debug|x64.Build.0 = Debug|x64
		{96775AF8-649B-45B4-983A-4B7E1B407DD8}.Debug|x86.ActiveCfg = Debug|x64
		{96775AF8-649B-45B4-983A-4B7E1B407DD8}.Release|x64.ActiveCfg = Release|x64
		{96775AF8-649B-45B4-983A-4B7E1B407DD8}.Release|x64.Build.0 = Release|x64
		{96775AF8-649B-45B4-983A-4B7E1B407DD8}.Release|x86.ActiveCfg = Release|x64
		{6E4B2445-723E-49BF-9F30-9CA8670F480D}.Debug|x64.ActiveCfg = Debug|x64
		{6E4B2445-723E-49BF-9F30-9CA8670F480D}.Debug|x64.Build.0 = Debug|x64
		{6E4B2445-723E-49BF-9F30-9CA8670F480D}.Debug|x86.ActiveCfg = Debug|x64
		{6E4B2445-723E-49BF-9F30-9CA8670F480D}.Release|x64.ActiveCfg = Release|x64
		{6E4B2445-723E-49BF-9F30-9CA8670F480D}.Release|x64.Build.0 = Release|x64
		{6E4B2445-723E-49BF-9F30-9CA8670F480D}.Release|x86.ActiveCfg = Release|x64
		{7B9415F7-CCD1-4369-AB6C-E63686600487}.Debug|x64.ActiveCfg = Debug|x64
		{7B9415F7-CCD1-4369-AB6C-E63686600487}.Debug|x64.Build.0 = Debug|x64
		{7B9415F7-CCD1-4369-AB6C-E63686600487}.Debug|x86.ActiveCfg = Debug|x64
		{7B9415F7-CCD1-4369-AB6C-E63686600487}.Release|x64.ActiveCfg = Release|x64
		{7B9415F7-CCD1-4369-AB6C-E63686600487}.Release|x64.Build.0 = Release|x64
		{7B9415F7-CCD1-4369-AB6C-E63686600487}.Release|x86.ActiveCfg = Release|x64
	EndGlobalSection
	GlobalSection(SolutionProperties) = preSolution
		HideSolutionNode = FALSE
	EndGlobalSection
	GlobalSection(ExtensibilityGlobals) = postSolution
		VisualSVNWorkingCopyRoot = .
	EndGlobalSection
EndGlobal
